# Code generated by scarb DO NOT EDIT.
version = 1

[[package]]
name = "corelib_imports"
version = "0.1.3"
source = "registry+https://scarbs.xyz/"
checksum = "sha256:1dbf8982484a6a085a143f2352dfbc716261c50c60551eb03bff5f0167260ad9"

[[package]]
name = "pqbench_falcon_512"
version = "0.1.0"
source = "git+https://github.com/OpenZeppelin/cairo-pq-verifiers?rev=bece5c07eeea5784e570c01108ec000d2d04ae40#bece5c07eeea5784e570c01108ec000d2d04ae40"
dependencies = [
 "corelib_imports",
 "pqbench_interface",
 "pqbench_ntt",
]

[[package]]
name = "pqbench_interface"
version = "0.1.0"
source = "git+https://github.com/OpenZeppelin/cairo-pq-verifiers?rev=bece5c07eeea5784e570c01108ec000d2d04ae40#bece5c07eeea5784e570c01108ec000d2d04ae40"

[[package]]
name = "pqbench_ntt"
version = "0.1.0"
source = "git+https://github.com/OpenZeppelin/cairo-pq-verifiers?rev=bece5c07eeea5784e570c01108ec000d2d04ae40#bece5c07eeea5784e570c01108ec000d2d04ae40"
dependencies = [
 "corelib_imports",
]

[[package]]
name = "private_creator_account"
version = "0.1.0"
dependencies = [
 "pqbench_falcon_512",
 "pqbench_interface",
 "snforge_std",
]

[[package]]
name = "snforge_scarb_plugin"
version = "0.59.0"
source = "registry+https://scarbs.xyz/"
checksum = "sha256:871fba677c03b66a1bf40815dac0ab1b385eb1b9be6e6c3cf2ad9788eeb2b6bb"

[[package]]
name = "snforge_std"
version = "0.59.0"
source = "registry+https://scarbs.xyz/"
checksum = "sha256:3620924fa08bd2d740b2b5b01ef86c8dab3d4b9c2206387c8dbdc8d2ec15133e"
dependencies = [
 "snforge_scarb_plugin",
]
